{
  "version": "4",
  "specifiers": {
    "jsr:@std/assert@^1.0.9": "1.0.9",
    "jsr:@std/internal@^1.0.5": "1.0.5",
    "npm:@hono/zod-openapi@~0.18.3": "0.18.3_hono@4.6.13_zod@3.23.8",
    "npm:hono@^4.6.13": "4.6.13",
    "npm:zod@^3.23.8": "3.23.8"
  },
  "jsr": {
    "@std/assert@1.0.9": {
      "integrity": "a9f0c611a869cc791b26f523eec54c7e187aab7932c2c8e8bea0622d13680dcd",
      "dependencies": [
        "jsr:@std/internal"
      ]
    },
    "@std/internal@1.0.5": {
      "integrity": "54a546004f769c1ac9e025abd15a76b6671ddc9687e2313b67376125650dc7ba"
    }
  },
  "npm": {
    "@asteasolutions/zod-to-openapi@7.3.0_zod@3.23.8": {
      "integrity": "sha512-7tE/r1gXwMIvGnXVUdIqUhCU1RevEFC4Jk6Bussa0fk1ecbnnINkZzj1EOAJyE/M3AI25DnHT/zKQL1/FPFi8Q==",
      "dependencies": [
        "openapi3-ts",
        "zod"
      ]
    },
    "@hono/zod-openapi@0.18.3_hono@4.6.13_zod@3.23.8": {
      "integrity": "sha512-bNlRDODnp7P9Fs13ZPajEOt13G0XwXKfKRHMEFCphQsFiD1Y+twzHaglpNAhNcflzR1DQwHY92ZS06b4LTPbIQ==",
      "dependencies": [
        "@asteasolutions/zod-to-openapi",
        "@hono/zod-validator",
        "hono",
        "zod"
      ]
    },
    "@hono/zod-validator@0.4.1_hono@4.6.13_zod@3.23.8": {
      "integrity": "sha512-I8LyfeJfvVmC5hPjZ2Iij7RjexlgSBT7QJudZ4JvNPLxn0JQ3sqclz2zydlwISAnw21D2n4LQ0nfZdoiv9fQQA==",
      "dependencies": [
        "hono",
        "zod"
      ]
    },
    "hono@4.6.13": {
      "integrity": "sha512-haV0gaMdSjy9URCRN9hxBPlqHa7fMm/T72kAImIxvw4eQLbNz1rgjN4hHElLJSieDiNuiIAXC//cC6YGz2KCbg=="
    },
    "openapi3-ts@4.4.0": {
      "integrity": "sha512-9asTNB9IkKEzWMcHmVZE7Ts3kC9G7AFHfs8i7caD8HbI76gEjdkId4z/AkP83xdZsH7PLAnnbl47qZkXuxpArw==",
      "dependencies": [
        "yaml"
      ]
    },
    "yaml@2.6.0": {
      "integrity": "sha512-a6ae//JvKDEra2kdi1qzCyrJW/WZCgFi8ydDV+eXExl95t+5R+ijnqHJbz9tmMh8FUjx3iv2fCQ4dclAQlO2UQ=="
    },
    "zod@3.23.8": {
      "integrity": "sha512-XBx9AXhXktjUqnepgTiE5flcKIYWi/rme0Eaj+5Y0lftuGBq+jyRu/md4WnuxqgP1ubdpNCsYEYPxrzVHD8d6g=="
    }
  },
  "workspace": {
    "dependencies": [
      "jsr:@std/assert@^1.0.9",
      "npm:@hono/zod-openapi@~0.18.3",
      "npm:hono@^4.6.13",
      "npm:zod@^3.23.8"
    ]
  }
}
